
Microsoft Visual Studio Solution File, Format Version 12.00
# Visual Studio Version 17
VisualStudioVersion = 17.0.31903.59
MinimumVisualStudioVersion = 10.0.40219.1
Project("{2150E333-8FDC-42A3-9474-1A3956D46DE8}") = "src", "src", "{425E087C-2421-4E9D-A70B-7818E38C2808}"
EndProject
Project("{FAE04EC0-301F-11D3-BF4B-00C04F79EFBC}") = "Application", "src\Application\Application.csproj", "{8DC9E768-9D4C-48DF-B5D9-F9212AA89CD0}"
EndProject
Project("{FAE04EC0-301F-11D3-BF4B-00C04F79EFBC}") = "Domain", "src\Domain\Domain.csproj", "{14379491-09E4-45D6-A839-1C8701A1C496}"
EndProject
Project("{FAE04EC0-301F-11D3-BF4B-00C04F79EFBC}") = "Infrastructure", "src\Infrastructure\Infrastructure.csproj", "{A35C2311-40CD-4E84-9884-281340234694}"
EndProject
Project("{2150E333-8FDC-42A3-9474-1A3956D46DE8}") = "tests", "tests", "{3DF3950C-728E-45B8-973C-0FBFA4F8316D}"
EndProject
Project("{FAE04EC0-301F-11D3-BF4B-00C04F79EFBC}") = "Infrastructure.UnitTests", "tests\Infrastructure.UnitTests\Infrastructure.UnitTests.csproj", "{381CE6C8-77B0-4316-9D1A-C90E8D24C9D5}"
EndProject
Project("{FAE04EC0-301F-11D3-BF4B-00C04F79EFBC}") = "Application.UnitTests", "tests\Application.UnitTests\Application.UnitTests.csproj", "{F88C860F-5485-4982-BF0F-9C5ED3F9FAFA}"
EndProject
Global
	GlobalSection(SolutionConfigurationPlatforms) = preSolution
		Debug|Any CPU = Debug|Any CPU
		Release|Any CPU = Release|Any CPU
	EndGlobalSection
	GlobalSection(SolutionProperties) = preSolution
		HideSolutionNode = FALSE
	EndGlobalSection
	GlobalSection(ProjectConfigurationPlatforms) = postSolution
		{8DC9E768-9D4C-48DF-B5D9-F9212AA89CD0}.Debug|Any CPU.ActiveCfg = Debug|Any CPU
		{8DC9E768-9D4C-48DF-B5D9-F9212AA89CD0}.Debug|Any CPU.Build.0 = Debug|Any CPU
		{8DC9E768-9D4C-48DF-B5D9-F9212AA89CD0}.Release|Any CPU.ActiveCfg = Release|Any CPU
		{8DC9E768-9D4C-48DF-B5D9-F9212AA89CD0}.Release|Any CPU.Build.0 = Release|Any CPU
		{14379491-09E4-45D6-A839-1C8701A1C496}.Debug|Any CPU.ActiveCfg = Debug|Any CPU
		{14379491-09E4-45D6-A839-1C8701A1C496}.Debug|Any CPU.Build.0 = Debug|Any CPU
		{14379491-09E4-45D6-A839-1C8701A1C496}.Release|Any CPU.ActiveCfg = Release|Any CPU
		{14379491-09E4-45D6-A839-1C8701A1C496}.Release|Any CPU.Build.0 = Release|Any CPU
		{A35C2311-40CD-4E84-9884-281340234694}.Debug|Any CPU.ActiveCfg = Debug|Any CPU
		{A35C2311-40CD-4E84-9884-281340234694}.Debug|Any CPU.Build.0 = Debug|Any CPU
		{A35C2311-40CD-4E84-9884-281340234694}.Release|Any CPU.ActiveCfg = Release|Any CPU
		{A35C2311-40CD-4E84-9884-281340234694}.Release|Any CPU.Build.0 = Release|Any CPU
		{381CE6C8-77B0-4316-9D1A-C90E8D24C9D5}.Debug|Any CPU.ActiveCfg = Debug|Any CPU
		{381CE6C8-77B0-4316-9D1A-C90E8D24C9D5}.Debug|Any CPU.Build.0 = Debug|Any CPU
		{381CE6C8-77B0-4316-9D1A-C90E8D24C9D5}.Release|Any CPU.ActiveCfg = Release|Any CPU
		{381CE6C8-77B0-4316-9D1A-C90E8D24C9D5}.Release|Any CPU.Build.0 = Release|Any CPU
		{F88C860F-5485-4982-BF0F-9C5ED3F9FAFA}.Debug|Any CPU.ActiveCfg = Debug|Any CPU
		{F88C860F-5485-4982-BF0F-9C5ED3F9FAFA}.Debug|Any CPU.Build.0 = Debug|Any CPU
		{F88C860F-5485-4982-BF0F-9C5ED3F9FAFA}.Release|Any CPU.ActiveCfg = Release|Any CPU
		{F88C860F-5485-4982-BF0F-9C5ED3F9FAFA}.Release|Any CPU.Build.0 = Release|Any CPU
	EndGlobalSection
	GlobalSection(NestedProjects) = preSolution
		{8DC9E768-9D4C-48DF-B5D9-F9212AA89CD0} = {425E087C-2421-4E9D-A70B-7818E38C2808}
		{14379491-09E4-45D6-A839-1C8701A1C496} = {425E087C-2421-4E9D-A70B-7818E38C2808}
		{A35C2311-40CD-4E84-9884-281340234694} = {425E087C-2421-4E9D-A70B-7818E38C2808}
		{381CE6C8-77B0-4316-9D1A-C90E8D24C9D5} = {3DF3950C-728E-45B8-973C-0FBFA4F8316D}
		{F88C860F-5485-4982-BF0F-9C5ED3F9FAFA} = {3DF3950C-728E-45B8-973C-0FBFA4F8316D}
	EndGlobalSection
EndGlobal
